packages:
  - name: audit_helper
    package: dbt-labs/audit_helper
    version: 0.12.2
  - name: dbt_utils
    package: dbt-labs/dbt_utils
    version: 1.3.3
  - git: https://github.com/dbt-labs/dbt-codegen.git
    name: codegen
    revision: db1b3a968318947dedaa91b489422058697f2bb7
sha1_hash: 2578ecf730d9f8cc981cbba34fa2e83a21330e79
